// !$*UTF8*$!
{
	archiveVersion = 1;
	classes = {
	};
	objectVersion = 56;
	objects = {

/* Begin PBXBuildFile section */
		05CE58B62D8CCE0D00BB0632 /* Desafio04App.swift in Sources */ = {isa = PBXBuildFile; fileRef = 05CE58B52D8CCE0D00BB0632 /* Desafio04App.swift */; };
		05CE58B82D8CCE0D00BB0632 /* ContentView.swift in Sources */ = {isa = PBXBuildFile; fileRef = 05CE58B72D8CCE0D00BB0632 /* ContentView.swift */; };
		05CE58BA2D8CCE0E00BB0632 /* Assets.xcassets in Resources */ = {isa = PBXBuildFile; fileRef = 05CE58B92D8CCE0E00BB0632 /* Assets.xcassets */; };
		05CE58BD2D8CCE0E00BB0632 /* Preview Assets.xcassets in Resources */ = {isa = PBXBuildFile; fileRef = 05CE58BC2D8CCE0E00BB0632 /* Preview Assets.xcassets */; };
		05CE58C82D8CE26500BB0632 /* interrogacao.png in Resources */ = {isa = PBXBuildFile; fileRef = 05CE58C72D8CE26500BB0632 /* interrogacao.png */; };
		05CE58CC2D8CE91800BB0632 /* patinete.jpg in Resources */ = {isa = PBXBuildFile; fileRef = 05CE58CB2D8CE91800BB0632 /* patinete.jpg */; };
		05CE58CE2D8CE9A800BB0632 /* bmx.jpeg in Resources */ = {isa = PBXBuildFile; fileRef = 05CE58CD2D8CE9A800BB0632 /* bmx.jpeg */; };
		05CE58D02D8CEA3A00BB0632 /* skate.jpeg in Resources */ = {isa = PBXBuildFile; fileRef = 05CE58CF2D8CEA3A00BB0632 /* skate.jpeg */; };
		05CE58D42D8CEB2C00BB0632 /* longboard.jpeg in Resources */ = {isa = PBXBuildFile; fileRef = 05CE58D32D8CEB2C00BB0632 /* longboard.jpeg */; };
		05CE58D62D8CEB8C00BB0632 /* segredo.jpeg in Resources */ = {isa = PBXBuildFile; fileRef = 05CE58D52D8CEB8C00BB0632 /* segredo.jpeg */; };
/* End PBXBuildFile section */

/* Begin PBXFileReference section */
		05CE58B22D8CCE0D00BB0632 /* Desafio04.app */ = {isa = PBXFileReference; explicitFileType = wrapper.application; includeInIndex = 0; path = Desafio04.app; sourceTree = BUILT_PRODUCTS_DIR; };
		05CE58B52D8CCE0D00BB0632 /* Desafio04App.swift */ = {isa = PBXFileReference; lastKnownFileType = sourcecode.swift; path = Desafio04App.swift; sourceTree = "<group>"; };
		05CE58B72D8CCE0D00BB0632 /* ContentView.swift */ = {isa = PBXFileReference; lastKnownFileType = sourcecode.swift; path = ContentView.swift; sourceTree = "<group>"; };
		05CE58B92D8CCE0E00BB0632 /* Assets.xcassets */ = {isa = PBXFileReference; lastKnownFileType = folder.assetcatalog; path = Assets.xcassets; sourceTree = "<group>"; };
		05CE58BC2D8CCE0E00BB0632 /* Preview Assets.xcassets */ = {isa = PBXFileReference; lastKnownFileType = folder.assetcatalog; path = "Preview Assets.xcassets"; sourceTree = "<group>"; };
		05CE58C72D8CE26500BB0632 /* interrogacao.png */ = {isa = PBXFileReference; lastKnownFileType = image.png; path = interrogacao.png; sourceTree = "<group>"; };
		05CE58CB2D8CE91800BB0632 /* patinete.jpg */ = {isa = PBXFileReference; lastKnownFileType = image.jpeg; path = patinete.jpg; sourceTree = "<group>"; };
		05CE58CD2D8CE9A800BB0632 /* bmx.jpeg */ = {isa = PBXFileReference; lastKnownFileType = image.jpeg; path = bmx.jpeg; sourceTree = "<group>"; };
		05CE58CF2D8CEA3A00BB0632 /* skate.jpeg */ = {isa = PBXFileReference; lastKnownFileType = image.jpeg; path = skate.jpeg; sourceTree = "<group>"; };
		05CE58D32D8CEB2C00BB0632 /* longboard.jpeg */ = {isa = PBXFileReference; lastKnownFileType = image.jpeg; path = longboard.jpeg; sourceTree = "<group>"; };
		05CE58D52D8CEB8C00BB0632 /* segredo.jpeg */ = {isa = PBXFileReference; lastKnownFileType = image.jpeg; path = segredo.jpeg; sourceTree = "<group>"; };
/* End PBXFileReference section */

/* Begin PBXFrameworksBuildPhase section */
		05CE58AF2D8CCE0D00BB0632 /* Frameworks */ = {
			isa = PBXFrameworksBuildPhase;
			buildActionMask = 2147483647;
			files = (
			);
			runOnlyForDeploymentPostprocessing = 0;
		};
/* End PBXFrameworksBuildPhase section */

/* Begin PBXGroup section */
		05CE58A92D8CCE0D00BB0632 = {
			isa = PBXGroup;
			children = (
				05CE58B42D8CCE0D00BB0632 /* Desafio04 */,
				05CE58B32D8CCE0D00BB0632 /* Products */,
			);
			sourceTree = "<group>";
		};
		05CE58B32D8CCE0D00BB0632 /* Products */ = {
			isa = PBXGroup;
			children = (
				05CE58B22D8CCE0D00BB0632 /* Desafio04.app */,
			);
			name = Products;
			sourceTree = "<group>";
		};
		05CE58B42D8CCE0D00BB0632 /* Desafio04 */ = {
			isa = PBXGroup;
			children = (
				05CE58B52D8CCE0D00BB0632 /* Desafio04App.swift */,
				05CE58B72D8CCE0D00BB0632 /* ContentView.swift */,
				05CE58B92D8CCE0E00BB0632 /* Assets.xcassets */,
				05CE58CB2D8CE91800BB0632 /* patinete.jpg */,
				05CE58CF2D8CEA3A00BB0632 /* skate.jpeg */,
				05CE58D52D8CEB8C00BB0632 /* segredo.jpeg */,
				05CE58D32D8CEB2C00BB0632 /* longboard.jpeg */,
				05CE58CD2D8CE9A800BB0632 /* bmx.jpeg */,
				05CE58C72D8CE26500BB0632 /* interrogacao.png */,
				05CE58BB2D8CCE0E00BB0632 /* Preview Content */,
			);
			path = Desafio04;
			sourceTree = "<group>";
		};
		05CE58BB2D8CCE0E00BB0632 /* Preview Content */ = {
			isa = PBXGroup;
			children = (
				05CE58BC2D8CCE0E00BB0632 /* Preview Assets.xcassets */,
			);
			path = "Preview Content";
			sourceTree = "<group>";
		};
/* End PBXGroup section */

/* Begin PBXNativeTarget section */
		05CE58B12D8CCE0D00BB0632 /* Desafio04 */ = {
			isa = PBXNativeTarget;
			buildConfigurationList = 05CE58C02D8CCE0E00BB0632 /* Build configuration list for PBXNativeTarget "Desafio04" */;
			buildPhases = (
				05CE58AE2D8CCE0D00BB0632 /* Sources */,
				05CE58AF2D8CCE0D00BB0632 /* Frameworks */,
				05CE58B02D8CCE0D00BB0632 /* Resources */,
			);
			buildRules = (
			);
			dependencies = (
			);
			name = Desafio04;
			productName = Desafio04;
			productReference = 05CE58B22D8CCE0D00BB0632 /* Desafio04.app */;
			productType = "com.apple.product-type.application";
		};
/* End PBXNativeTarget section */

/* Begin PBXProject section */
		05CE58AA2D8CCE0D00BB0632 /* Project object */ = {
			isa = PBXProject;
			attributes = {
				BuildIndependentTargetsInParallel = 1;
				LastSwiftUpdateCheck = 1540;
				LastUpgradeCheck = 1540;
				TargetAttributes = {
					05CE58B12D8CCE0D00BB0632 = {
						CreatedOnToolsVersion = 15.4;
					};
				};
			};
			buildConfigurationList = 05CE58AD2D8CCE0D00BB0632 /* Build configuration list for PBXProject "Desafio04" */;
			compatibilityVersion = "Xcode 14.0";
			developmentRegion = en;
			hasScannedForEncodings = 0;
			knownRegions = (
				en,
				Base,
			);
			mainGroup = 05CE58A92D8CCE0D00BB0632;
			productRefGroup = 05CE58B32D8CCE0D00BB0632 /* Products */;
			projectDirPath = "";
			projectRoot = "";
			targets = (
				05CE58B12D8CCE0D00BB0632 /* Desafio04 */,
			);
		};
/* End PBXProject section */

/* Begin PBXResourcesBuildPhase section */
		05CE58B02D8CCE0D00BB0632 /* Resources */ = {
			isa = PBXResourcesBuildPhase;
			buildActionMask = 2147483647;
			files = (
				05CE58CE2D8CE9A800BB0632 /* bmx.jpeg in Resources */,
				05CE58C82D8CE26500BB0632 /* interrogacao.png in Resources */,
				05CE58CC2D8CE91800BB0632 /* patinete.jpg in Resources */,
				05CE58BD2D8CCE0E00BB0632 /* Preview Assets.xcassets in Resources */,
				05CE58D02D8CEA3A00BB0632 /* skate.jpeg in Resources */,
				05CE58BA2D8CCE0E00BB0632 /* Assets.xcassets in Resources */,
				05CE58D42D8CEB2C00BB0632 /* longboard.jpeg in Resources */,
				05CE58D62D8CEB8C00BB0632 /* segredo.jpeg in Resources */,
			);
			runOnlyForDeploymentPostprocessing = 0;
		};
/* End PBXResourcesBuildPhase section */

/* Begin PBXSourcesBuildPhase section */
		05CE58AE2D8CCE0D00BB0632 /* Sources */ = {
			isa = PBXSourcesBuildPhase;
			buildActionMask = 2147483647;
			files = (
				05CE58B82D8CCE0D00BB0632 /* ContentView.swift in Sources */,
				05CE58B62D8CCE0D00BB0632 /* Desafio04App.swift in Sources */,
			);
			runOnlyForDeploymentPostprocessing = 0;
		};
/* End PBXSourcesBuildPhase section */

/* Begin XCBuildConfiguration section */
		05CE58BE2D8CCE0E00BB0632 /* Debug */ = {
			isa = XCBuildConfiguration;
			buildSettings = {
				ALWAYS_SEARCH_USER_PATHS = NO;
				ASSETCATALOG_COMPILER_GENERATE_SWIFT_ASSET_SYMBOL_EXTENSIONS = YES;
				CLANG_ANALYZER_NONNULL = YES;
				CLANG_ANALYZER_NUMBER_OBJECT_CONVERSION = YES_AGGRESSIVE;
				CLANG_CXX_LANGUAGE_STANDARD = "gnu++20";
				CLANG_ENABLE_MODULES = YES;
				CLANG_ENABLE_OBJC_ARC = YES;
				CLANG_ENABLE_OBJC_WEAK = YES;
				CLANG_WARN_BLOCK_CAPTURE_AUTORELEASING = YES;
				CLANG_WARN_BOOL_CONVERSION = YES;
				CLANG_WARN_COMMA = YES;
				CLANG_WARN_CONSTANT_CONVERSION = YES;
				CLANG_WARN_DEPRECATED_OBJC_IMPLEMENTATIONS = YES;
				CLANG_WARN_DIRECT_OBJC_ISA_USAGE = YES_ERROR;
				CLANG_WARN_DOCUMENTATION_COMMENTS = YES;
				CLANG_WARN_EMPTY_BODY = YES;
				CLANG_WARN_ENUM_CONVERSION = YES;
				CLANG_WARN_INFINITE_RECURSION = YES;
				CLANG_WARN_INT_CONVERSION = YES;
				CLANG_WARN_NON_LITERAL_NULL_CONVERSION = YES;
				CLANG_WARN_OBJC_IMPLICIT_RETAIN_SELF = YES;
				CLANG_WARN_OBJC_LITERAL_CONVERSION = YES;
				CLANG_WARN_OBJC_ROOT_CLASS = YES_ERROR;
				CLANG_WARN_QUOTED_INCLUDE_IN_FRAMEWORK_HEADER = YES;
				CLANG_WARN_RANGE_LOOP_ANALYSIS = YES;
				CLANG_WARN_STRICT_PROTOTYPES = YES;
				CLANG_WARN_SUSPICIOUS_MOVE = YES;
				CLANG_WARN_UNGUARDED_AVAILABILITY = YES_AGGRESSIVE;
				CLANG_WARN_UNREACHABLE_CODE = YES;
				CLANG_WARN__DUPLICATE_METHOD_MATCH = YES;
				COPY_PHASE_STRIP = NO;
				DEBUG_INFORMATION_FORMAT = dwarf;
				ENABLE_STRICT_OBJC_MSGSEND = YES;
				ENABLE_TESTABILITY = YES;
				ENABLE_USER_SCRIPT_SANDBOXING = YES;
				GCC_C_LANGUAGE_STANDARD = gnu17;
				GCC_DYNAMIC_NO_PIC = NO;
				GCC_NO_COMMON_BLOCKS = YES;
				GCC_OPTIMIZATION_LEVEL = 0;
				GCC_PREPROCESSOR_DEFINITIONS = (
					"DEBUG=1",
					"$(inherited)",
				);
				GCC_WARN_64_TO_32_BIT_CONVERSION = YES;
				GCC_WARN_ABOUT_RETURN_TYPE = YES_ERROR;
				GCC_WARN_UNDECLARED_SELECTOR = YES;
				GCC_WARN_UNINITIALIZED_AUTOS = YES_AGGRESSIVE;
				GCC_WARN_UNUSED_FUNCTION = YES;
				GCC_WARN_UNUSED_VARIABLE = YES;
				IPHONEOS_DEPLOYMENT_TARGET = 17.5;
				LOCALIZATION_PREFERS_STRING_CATALOGS = YES;
				MTL_ENABLE_DEBUG_INFO = INCLUDE_SOURCE;
				MTL_FAST_MATH = YES;
				ONLY_ACTIVE_ARCH = YES;
				SDKROOT = iphoneos;
				SWIFT_ACTIVE_COMPILATION_CONDITIONS = "DEBUG $(inherited)";
				SWIFT_OPTIMIZATION_LEVEL = "-Onone";
			};
			name = Debug;
		};
		05CE58BF2D8CCE0E00BB0632 /* Release */ = {
			isa = XCBuildConfiguration;
			buildSettings = {
				ALWAYS_SEARCH_USER_PATHS = NO;
				ASSETCATALOG_COMPILER_GENERATE_SWIFT_ASSET_SYMBOL_EXTENSIONS = YES;
				CLANG_ANALYZER_NONNULL = YES;
				CLANG_ANALYZER_NUMBER_OBJECT_CONVERSION = YES_AGGRESSIVE;
				CLANG_CXX_LANGUAGE_STANDARD = "gnu++20";
				CLANG_ENABLE_MODULES = YES;
				CLANG_ENABLE_OBJC_ARC = YES;
				CLANG_ENABLE_OBJC_WEAK = YES;
				CLANG_WARN_BLOCK_CAPTURE_AUTORELEASING = YES;
				CLANG_WARN_BOOL_CONVERSION = YES;
				CLANG_WARN_COMMA = YES;
				CLANG_WARN_CONSTANT_CONVERSION = YES;
				CLANG_WARN_DEPRECATED_OBJC_IMPLEMENTATIONS = YES;
				CLANG_WARN_DIRECT_OBJC_ISA_USAGE = YES_ERROR;
				CLANG_WARN_DOCUMENTATION_COMMENTS = YES;
				CLANG_WARN_EMPTY_BODY = YES;
				CLANG_WARN_ENUM_CONVERSION = YES;
				CLANG_WARN_INFINITE_RECURSION = YES;
				CLANG_WARN_INT_CONVERSION = YES;
				CLANG_WARN_NON_LITERAL_NULL_CONVERSION = YES;
				CLANG_WARN_OBJC_IMPLICIT_RETAIN_SELF = YES;
				CLANG_WARN_OBJC_LITERAL_CONVERSION = YES;
				CLANG_WARN_OBJC_ROOT_CLASS = YES_ERROR;
				CLANG_WARN_QUOTED_INCLUDE_IN_FRAMEWORK_HEADER = YES;
				CLANG_WARN_RANGE_LOOP_ANALYSIS = YES;
				CLANG_WARN_STRICT_PROTOTYPES = YES;
				CLANG_WARN_SUSPICIOUS_MOVE = YES;
				CLANG_WARN_UNGUARDED_AVAILABILITY = YES_AGGRESSIVE;
				CLANG_WARN_UNREACHABLE_CODE = YES;
				CLANG_WARN__DUPLICATE_METHOD_MATCH = YES;
				COPY_PHASE_STRIP = NO;
				DEBUG_INFORMATION_FORMAT = "dwarf-with-dsym";
				ENABLE_NS_ASSERTIONS = NO;
				ENABLE_STRICT_OBJC_MSGSEND = YES;
				ENABLE_USER_SCRIPT_SANDBOXING = YES;
				GCC_C_LANGUAGE_STANDARD = gnu17;
				GCC_NO_COMMON_BLOCKS = YES;
				GCC_WARN_64_TO_32_BIT_CONVERSION = YES;
				GCC_WARN_ABOUT_RETURN_TYPE = YES_ERROR;
				GCC_WARN_UNDECLARED_SELECTOR = YES;
				GCC_WARN_UNINITIALIZED_AUTOS = YES_AGGRESSIVE;
				GCC_WARN_UNUSED_FUNCTION = YES;
				GCC_WARN_UNUSED_VARIABLE = YES;
				IPHONEOS_DEPLOYMENT_TARGET = 17.5;
				LOCALIZATION_PREFERS_STRING_CATALOGS = YES;
				MTL_ENABLE_DEBUG_INFO = NO;
				MTL_FAST_MATH = YES;
				SDKROOT = iphoneos;
				SWIFT_COMPILATION_MODE = wholemodule;
				VALIDATE_PRODUCT = YES;
			};
			name = Release;
		};
		05CE58C12D8CCE0E00BB0632 /* Debug */ = {
			isa = XCBuildConfiguration;
			buildSettings = {
				ASSETCATALOG_COMPILER_APPICON_NAME = AppIcon;
				ASSETCATALOG_COMPILER_GLOBAL_ACCENT_COLOR_NAME = AccentColor;
				CODE_SIGN_STYLE = Automatic;
				CURRENT_PROJECT_VERSION = 1;
				DEVELOPMENT_ASSET_PATHS = "\"Desafio04/Preview Content\"";
				ENABLE_PREVIEWS = YES;
				GENERATE_INFOPLIST_FILE = YES;
				INFOPLIST_KEY_UIApplicationSceneManifest_Generation = YES;
				INFOPLIST_KEY_UIApplicationSupportsIndirectInputEvents = YES;
				INFOPLIST_KEY_UILaunchScreen_Generation = YES;
				INFOPLIST_KEY_UISupportedInterfaceOrientations_iPad = "UIInterfaceOrientationPortrait UIInterfaceOrientationPortraitUpsideDown UIInterfaceOrientationLandscapeLeft UIInterfaceOrientationLandscapeRight";
				INFOPLIST_KEY_UISupportedInterfaceOrientations_iPhone = "UIInterfaceOrientationPortrait UIInterfaceOrientationLandscapeLeft UIInterfaceOrientationLandscapeRight";
				LD_RUNPATH_SEARCH_PATHS = (
					"$(inherited)",
					"@executable_path/Frameworks",
				);
				MARKETING_VERSION = 1.0;
				PRODUCT_BUNDLE_IDENTIFIER = arthur.Desafio04;
				PRODUCT_NAME = "$(TARGET_NAME)";
				SWIFT_EMIT_LOC_STRINGS = YES;
				SWIFT_VERSION = 5.0;
				TARGETED_DEVICE_FAMILY = "1,2";
			};
			name = Debug;
		};
		05CE58C22D8CCE0E00BB0632 /* Release */ = {
			isa = XCBuildConfiguration;
			buildSettings = {
				ASSETCATALOG_COMPILER_APPICON_NAME = AppIcon;
				ASSETCATALOG_COMPILER_GLOBAL_ACCENT_COLOR_NAME = AccentColor;
				CODE_SIGN_STYLE = Automatic;
				CURRENT_PROJECT_VERSION = 1;
				DEVELOPMENT_ASSET_PATHS = "\"Desafio04/Preview Content\"";
				ENABLE_PREVIEWS = YES;
				GENERATE_INFOPLIST_FILE = YES;
				INFOPLIST_KEY_UIApplicationSceneManifest_Generation = YES;
				INFOPLIST_KEY_UIApplicationSupportsIndirectInputEvents = YES;
				INFOPLIST_KEY_UILaunchScreen_Generation = YES;
				INFOPLIST_KEY_UISupportedInterfaceOrientations_iPad = "UIInterfaceOrientationPortrait UIInterfaceOrientationPortraitUpsideDown UIInterfaceOrientationLandscapeLeft UIInterfaceOrientationLandscapeRight";
				INFOPLIST_KEY_UISupportedInterfaceOrientations_iPhone = "UIInterfaceOrientationPortrait UIInterfaceOrientationLandscapeLeft UIInterfaceOrientationLandscapeRight";
				LD_RUNPATH_SEARCH_PATHS = (
					"$(inherited)",
					"@executable_path/Frameworks",
				);
				MARKETING_VERSION = 1.0;
				PRODUCT_BUNDLE_IDENTIFIER = arthur.Desafio04;
				PRODUCT_NAME = "$(TARGET_NAME)";
				SWIFT_EMIT_LOC_STRINGS = YES;
				SWIFT_VERSION = 5.0;
				TARGETED_DEVICE_FAMILY = "1,2";
			};
			name = Release;
		};
/* End XCBuildConfiguration section */

/* Begin XCConfigurationList section */
		05CE58AD2D8CCE0D00BB0632 /* Build configuration list for PBXProject "Desafio04" */ = {
			isa = XCConfigurationList;
			buildConfigurations = (
				05CE58BE2D8CCE0E00BB0632 /* Debug */,
				05CE58BF2D8CCE0E00BB0632 /* Release */,
			);
			defaultConfigurationIsVisible = 0;
			defaultConfigurationName = Release;
		};
		05CE58C02D8CCE0E00BB0632 /* Build configuration list for PBXNativeTarget "Desafio04" */ = {
			isa = XCConfigurationList;
			buildConfigurations = (
				05CE58C12D8CCE0E00BB0632 /* Debug */,
				05CE58C22D8CCE0E00BB0632 /* Release */,
			);
			defaultConfigurationIsVisible = 0;
			defaultConfigurationName = Release;
		};
/* End XCConfigurationList section */
	};
	rootObject = 05CE58AA2D8CCE0D00BB0632 /* Project object */;
}
